github.com/djordje200179/extendedlibrary/datastructures v1.1.0 h1:/Nw9ouloD0zDAg9ICn2VWT/Vx9uxruNks1NW9gSe6v8=
github.com/djordje200179/extendedlibrary/datastructures v1.1.0/go.mod h1:zlQW2LWy1O0/tSp3FQRNUMSayk6TPzXYUdDlgh8GKSk=
github.com/djordje200179/extendedlibrary/datastructures v1.3.0 h1:zV5Gdu89yvjQHx0Q39Pscb6BOI+XvEPz0EY7716gRlw=
github.com/djordje200179/extendedlibrary/datastructures v1.3.0/go.mod h1:N+cEYbkS4Cfq3s4ikhD9ZMDa6WkrQwLQTP0NClPqMGo=
github.com/djordje200179/extendedlibrary/misc v0.8.0 h1:IJ7AtMFXZ4yEwOYTMw+x2pkoJhJluoIuOCjIwY/caNM=
github.com/djordje200179/extendedlibrary/misc v0.8.0/go.mod h1:myKp2gKAKOnBWuKP8dodmXR1qjbwf9kAmMwQfg3Ko2Q=
github.com/djordje200179/extendedlibrary/misc v1.0.0 h1:MnAmHVQup2jLCWE9sLr6Eva9v028C0BDINW1XgJyAXc=
github.com/djordje200179/extendedlibrary/misc v1.0.0/go.mod h1:Q4KGUaRgNgEL/v/h6HmFkg2u8ZA60zHlsg1g9i0XiFQ=
github.com/djordje200179/extendedlibrary/streams v1.0.1 h1:u0O7rqhTUjPf+kOfTwXEDMmfLG0OaJ8iO/ldowcmPVQ=
github.com/djordje200179/extendedlibrary/streams v1.0.1/go.mod h1:YxGm1CwI0vlX842gguRTM+iPyUlM5IwvoG8dzTbZKHQ=
github.com/djordje200179/extendedlibrary/streams v1.1.0 h1:++ULV5e8kShC8r/ZW28C6jANaCuaryK2QrMrIkdPJSc=
github.com/djordje200179/extendedlibrary/streams v1.1.0/go.mod h1:YxGm1CwI0vlX842gguRTM+iPyUlM5IwvoG8dzTbZKHQ=
golang.org/x/exp v0.0.0-20221108223516-5d533826c662 h1:QIza2Vre5WI+NE5AQ6Wi2nGDgDOckLCHJdhcM/kxcfw=
golang.org/x/exp v0.0.0-20221108223516-5d533826c662/go.mod h1:CxIveKay+FTh1D0yPZemJVgC/95VzuuOLq5Qi4xnoYc=
golang.org/x/sys v0.7.0 h1:3jlCCIQZPdOYu1h8BkNvLz8Kgwtae2cagcG/VamtZRU=
golang.org/x/sys v0.7.0/go.mod h1:oPkhp1MJrh7nUepCBck5+mAzfO9JrbApNNgaTdGDITg=
golang.org/x/term v0.7.0 h1:BEvjmm5fURWqcfbSKTdpkDXYBrUS1c0m8agp14W48vQ=
golang.org/x/term v0.7.0/go.mod h1:P32HKFT3hSsZrRxla30E9HqToFYAQPCMs/zFMBUFqPY=
